
Microsoft Visual Studio Solution File, Format Version 12.00
# Visual Studio Version 16
VisualStudioVersion = 16.0.31129.286
MinimumVisualStudioVersion = 10.0.40219.1
Project("{FAE04EC0-301F-11D3-BF4B-00C04F79EFBC}") = "EjemploForms2021", "EjemploForms2021\EjemploForms2021.csproj", "{8E871493-4D8F-47A4-AB9E-3D516B1C9B1B}"
EndProject
Global
	GlobalSection(SolutionConfigurationPlatforms) = preSolution
		Debug|Any CPU = Debug|Any CPU
		Release|Any CPU = Release|Any CPU
	EndGlobalSection
	GlobalSection(ProjectConfigurationPlatforms) = postSolution
		{8E871493-4D8F-47A4-AB9E-3D516B1C9B1B}.Debug|Any CPU.ActiveCfg = Debug|Any CPU
		{8E871493-4D8F-47A4-AB9E-3D516B1C9B1B}.Debug|Any CPU.Build.0 = Debug|Any CPU
		{8E871493-4D8F-47A4-AB9E-3D516B1C9B1B}.Release|Any CPU.ActiveCfg = Release|Any CPU
		{8E871493-4D8F-47A4-AB9E-3D516B1C9B1B}.Release|Any CPU.Build.0 = Release|Any CPU
	EndGlobalSection
	GlobalSection(SolutionProperties) = preSolution
		HideSolutionNode = FALSE
	EndGlobalSection
	GlobalSection(ExtensibilityGlobals) = postSolution
		SolutionGuid = {989502E3-0A26-4EB4-9F6B-CBA9251AB74E}
	EndGlobalSection
EndGlobal
